// !$*UTF8*$!
{
	archiveVersion = 1;
	classes = {
	};
	objectVersion = 55;
	objects = {

/* Begin PBXBuildFile section */
		E50F7E2427F6B83800D06DED /* OnboardingContainerViewController.swift in Sources */ = {isa = PBXBuildFile; fileRef = E50F7E2327F6B83800D06DED /* OnboardingContainerViewController.swift */; };
		E50F7E2627F6C0B600D06DED /* OnboardingViewController.swift in Sources */ = {isa = PBXBuildFile; fileRef = E50F7E2527F6C0B600D06DED /* OnboardingViewController.swift */; };
		E519A41D2822BD1A008ED56D /* AccountSummaryViewController.swift in Sources */ = {isa = PBXBuildFile; fileRef = E519A41C2822BD1A008ED56D /* AccountSummaryViewController.swift */; };
		E519A41F28234F11008ED56D /* AccountSummaryHeaderView.swift in Sources */ = {isa = PBXBuildFile; fileRef = E519A41E28234F11008ED56D /* AccountSummaryHeaderView.swift */; };
		E519A42128234FA0008ED56D /* AccountSummaryHeaderView.xib in Resources */ = {isa = PBXBuildFile; fileRef = E519A42028234FA0008ED56D /* AccountSummaryHeaderView.xib */; };
		E522EFDE2806B50400477A9B /* LocalState.swift in Sources */ = {isa = PBXBuildFile; fileRef = E522EFDD2806B50400477A9B /* LocalState.swift */; };
		E56380252827AFFE005A5BBF /* DecimalUtils.swift in Sources */ = {isa = PBXBuildFile; fileRef = E56380242827AFFE005A5BBF /* DecimalUtils.swift */; };
		E56380272827B0CD005A5BBF /* CurrencyFormatter.swift in Sources */ = {isa = PBXBuildFile; fileRef = E56380262827B0CD005A5BBF /* CurrencyFormatter.swift */; };
		E5839BAF28050D7000806AEC /* DummyViewController.swift in Sources */ = {isa = PBXBuildFile; fileRef = E5839BAE28050D7000806AEC /* DummyViewController.swift */; };
		E5893ACA27F48EBF004FD782 /* AppDelegate.swift in Sources */ = {isa = PBXBuildFile; fileRef = E5893AC927F48EBF004FD782 /* AppDelegate.swift */; };
		E5893ACE27F48EBF004FD782 /* LoginViewController.swift in Sources */ = {isa = PBXBuildFile; fileRef = E5893ACD27F48EBF004FD782 /* LoginViewController.swift */; };
		E5893AD427F48EBF004FD782 /* Bankkkey.xcdatamodeld in Sources */ = {isa = PBXBuildFile; fileRef = E5893AD227F48EBF004FD782 /* Bankkkey.xcdatamodeld */; };
		E5893AD627F48EC4004FD782 /* Assets.xcassets in Resources */ = {isa = PBXBuildFile; fileRef = E5893AD527F48EC4004FD782 /* Assets.xcassets */; };
		E5893AD927F48EC4004FD782 /* LaunchScreen.storyboard in Resources */ = {isa = PBXBuildFile; fileRef = E5893AD727F48EC4004FD782 /* LaunchScreen.storyboard */; };
		E5893AE327F493BA004FD782 /* LoginView.swift in Sources */ = {isa = PBXBuildFile; fileRef = E5893AE227F493BA004FD782 /* LoginView.swift */; };
		E5A49CD72824E83200AF98DA /* AccountSummaryCell.swift in Sources */ = {isa = PBXBuildFile; fileRef = E5A49CD62824E83200AF98DA /* AccountSummaryCell.swift */; };
		E5BA60BC280E43D600B75829 /* UIViewController+Utils.swift in Sources */ = {isa = PBXBuildFile; fileRef = E5BA60BB280E43D600B75829 /* UIViewController+Utils.swift */; };
		E5BA60BE280E47AA00B75829 /* MainViewController.swift in Sources */ = {isa = PBXBuildFile; fileRef = E5BA60BD280E47AA00B75829 /* MainViewController.swift */; };
/* End PBXBuildFile section */

/* Begin PBXFileReference section */
		E50F7E2327F6B83800D06DED /* OnboardingContainerViewController.swift */ = {isa = PBXFileReference; lastKnownFileType = sourcecode.swift; path = OnboardingContainerViewController.swift; sourceTree = "<group>"; };
		E50F7E2527F6C0B600D06DED /* OnboardingViewController.swift */ = {isa = PBXFileReference; lastKnownFileType = sourcecode.swift; path = OnboardingViewController.swift; sourceTree = "<group>"; };
		E519A41C2822BD1A008ED56D /* AccountSummaryViewController.swift */ = {isa = PBXFileReference; lastKnownFileType = sourcecode.swift; path = AccountSummaryViewController.swift; sourceTree = "<group>"; };
		E519A41E28234F11008ED56D /* AccountSummaryHeaderView.swift */ = {isa = PBXFileReference; lastKnownFileType = sourcecode.swift; path = AccountSummaryHeaderView.swift; sourceTree = "<group>"; };
		E519A42028234FA0008ED56D /* AccountSummaryHeaderView.xib */ = {isa = PBXFileReference; lastKnownFileType = file.xib; path = AccountSummaryHeaderView.xib; sourceTree = "<group>"; };
		E522EFDD2806B50400477A9B /* LocalState.swift */ = {isa = PBXFileReference; lastKnownFileType = sourcecode.swift; path = LocalState.swift; sourceTree = "<group>"; };
		E56380242827AFFE005A5BBF /* DecimalUtils.swift */ = {isa = PBXFileReference; lastKnownFileType = sourcecode.swift; path = DecimalUtils.swift; sourceTree = "<group>"; };
		E56380262827B0CD005A5BBF /* CurrencyFormatter.swift */ = {isa = PBXFileReference; lastKnownFileType = sourcecode.swift; path = CurrencyFormatter.swift; sourceTree = "<group>"; };
		E5839BAE28050D7000806AEC /* DummyViewController.swift */ = {isa = PBXFileReference; lastKnownFileType = sourcecode.swift; path = DummyViewController.swift; sourceTree = "<group>"; };
		E5893AC627F48EBF004FD782 /* Bankkkey.app */ = {isa = PBXFileReference; explicitFileType = wrapper.application; includeInIndex = 0; path = Bankkkey.app; sourceTree = BUILT_PRODUCTS_DIR; };
		E5893AC927F48EBF004FD782 /* AppDelegate.swift */ = {isa = PBXFileReference; lastKnownFileType = sourcecode.swift; path = AppDelegate.swift; sourceTree = "<group>"; };
		E5893ACD27F48EBF004FD782 /* LoginViewController.swift */ = {isa = PBXFileReference; lastKnownFileType = sourcecode.swift; path = LoginViewController.swift; sourceTree = "<group>"; };
		E5893AD327F48EBF004FD782 /* Bankkkey.xcdatamodel */ = {isa = PBXFileReference; lastKnownFileType = wrapper.xcdatamodel; path = Bankkkey.xcdatamodel; sourceTree = "<group>"; };
		E5893AD527F48EC4004FD782 /* Assets.xcassets */ = {isa = PBXFileReference; lastKnownFileType = folder.assetcatalog; path = Assets.xcassets; sourceTree = "<group>"; };
		E5893AD827F48EC4004FD782 /* Base */ = {isa = PBXFileReference; lastKnownFileType = file.storyboard; name = Base; path = Base.lproj/LaunchScreen.storyboard; sourceTree = "<group>"; };
		E5893ADA27F48EC4004FD782 /* Info.plist */ = {isa = PBXFileReference; lastKnownFileType = text.plist.xml; path = Info.plist; sourceTree = "<group>"; };
		E5893AE227F493BA004FD782 /* LoginView.swift */ = {isa = PBXFileReference; lastKnownFileType = sourcecode.swift; path = LoginView.swift; sourceTree = "<group>"; };
		E5A49CD62824E83200AF98DA /* AccountSummaryCell.swift */ = {isa = PBXFileReference; lastKnownFileType = sourcecode.swift; path = AccountSummaryCell.swift; sourceTree = "<group>"; };
		E5BA60BB280E43D600B75829 /* UIViewController+Utils.swift */ = {isa = PBXFileReference; lastKnownFileType = sourcecode.swift; path = "UIViewController+Utils.swift"; sourceTree = "<group>"; };
		E5BA60BD280E47AA00B75829 /* MainViewController.swift */ = {isa = PBXFileReference; lastKnownFileType = sourcecode.swift; path = MainViewController.swift; sourceTree = "<group>"; };
/* End PBXFileReference section */

/* Begin PBXFrameworksBuildPhase section */
		E5893AC327F48EBF004FD782 /* Frameworks */ = {
			isa = PBXFrameworksBuildPhase;
			buildActionMask = 2147483647;
			files = (
			);
			runOnlyForDeploymentPostprocessing = 0;
		};
/* End PBXFrameworksBuildPhase section */

/* Begin PBXGroup section */
		E50F7E2227F6B7C800D06DED /* Onboarding */ = {
			isa = PBXGroup;
			children = (
				E50F7E2327F6B83800D06DED /* OnboardingContainerViewController.swift */,
				E50F7E2527F6C0B600D06DED /* OnboardingViewController.swift */,
			);
			path = Onboarding;
			sourceTree = "<group>";
		};
		E519A41B2822BCC8008ED56D /* AccountSummary */ = {
			isa = PBXGroup;
			children = (
				E519A41C2822BD1A008ED56D /* AccountSummaryViewController.swift */,
				E5A49CD42824E78600AF98DA /* Header */,
				E5A49CD52824E7C900AF98DA /* Cells */,
			);
			path = AccountSummary;
			sourceTree = "<group>";
		};
		E522EFDC2806B46B00477A9B /* Utils */ = {
			isa = PBXGroup;
			children = (
				E522EFDD2806B50400477A9B /* LocalState.swift */,
				E5BA60BB280E43D600B75829 /* UIViewController+Utils.swift */,
				E56380242827AFFE005A5BBF /* DecimalUtils.swift */,
				E56380262827B0CD005A5BBF /* CurrencyFormatter.swift */,
			);
			path = Utils;
			sourceTree = "<group>";
		};
		E5893ABD27F48EBF004FD782 = {
			isa = PBXGroup;
			children = (
				E5893AC827F48EBF004FD782 /* Bankkkey */,
				E5893AC727F48EBF004FD782 /* Products */,
			);
			sourceTree = "<group>";
		};
		E5893AC727F48EBF004FD782 /* Products */ = {
			isa = PBXGroup;
			children = (
				E5893AC627F48EBF004FD782 /* Bankkkey.app */,
			);
			name = Products;
			sourceTree = "<group>";
		};
		E5893AC827F48EBF004FD782 /* Bankkkey */ = {
			isa = PBXGroup;
			children = (
				E5893AC927F48EBF004FD782 /* AppDelegate.swift */,
				E5BA60BD280E47AA00B75829 /* MainViewController.swift */,
				E519A41B2822BCC8008ED56D /* AccountSummary */,
				E522EFDC2806B46B00477A9B /* Utils */,
				E50F7E2227F6B7C800D06DED /* Onboarding */,
				E5893AE027F492F8004FD782 /* Files */,
				E5893AE127F49384004FD782 /* Login */,
			);
			path = Bankkkey;
			sourceTree = "<group>";
		};
		E5893AE027F492F8004FD782 /* Files */ = {
			isa = PBXGroup;
			children = (
				E5893AD527F48EC4004FD782 /* Assets.xcassets */,
				E5893AD727F48EC4004FD782 /* LaunchScreen.storyboard */,
				E5893ADA27F48EC4004FD782 /* Info.plist */,
				E5893AD227F48EBF004FD782 /* Bankkkey.xcdatamodeld */,
			);
			name = Files;
			sourceTree = "<group>";
		};
		E5893AE127F49384004FD782 /* Login */ = {
			isa = PBXGroup;
			children = (
				E5893ACD27F48EBF004FD782 /* LoginViewController.swift */,
				E5893AE227F493BA004FD782 /* LoginView.swift */,
				E5839BAE28050D7000806AEC /* DummyViewController.swift */,
			);
			path = Login;
			sourceTree = "<group>";
		};
		E5A49CD42824E78600AF98DA /* Header */ = {
			isa = PBXGroup;
			children = (
				E519A41E28234F11008ED56D /* AccountSummaryHeaderView.swift */,
				E519A42028234FA0008ED56D /* AccountSummaryHeaderView.xib */,
			);
			path = Header;
			sourceTree = "<group>";
		};
		E5A49CD52824E7C900AF98DA /* Cells */ = {
			isa = PBXGroup;
			children = (
				E5A49CD62824E83200AF98DA /* AccountSummaryCell.swift */,
			);
			path = Cells;
			sourceTree = "<group>";
		};
/* End PBXGroup section */

/* Begin PBXNativeTarget section */
		E5893AC527F48EBF004FD782 /* Bankkkey */ = {
			isa = PBXNativeTarget;
			buildConfigurationList = E5893ADD27F48EC4004FD782 /* Build configuration list for PBXNativeTarget "Bankkkey" */;
			buildPhases = (
				E5893AC227F48EBF004FD782 /* Sources */,
				E5893AC327F48EBF004FD782 /* Frameworks */,
				E5893AC427F48EBF004FD782 /* Resources */,
			);
			buildRules = (
			);
			dependencies = (
			);
			name = Bankkkey;
			productName = Bankkkey;
			productReference = E5893AC627F48EBF004FD782 /* Bankkkey.app */;
			productType = "com.apple.product-type.application";
		};
/* End PBXNativeTarget section */

/* Begin PBXProject section */
		E5893ABE27F48EBF004FD782 /* Project object */ = {
			isa = PBXProject;
			attributes = {
				BuildIndependentTargetsInParallel = 1;
				LastSwiftUpdateCheck = 1330;
				LastUpgradeCheck = 1330;
				TargetAttributes = {
					E5893AC527F48EBF004FD782 = {
						CreatedOnToolsVersion = 13.3;
					};
				};
			};
			buildConfigurationList = E5893AC127F48EBF004FD782 /* Build configuration list for PBXProject "Bankkkey" */;
			compatibilityVersion = "Xcode 13.0";
			developmentRegion = en;
			hasScannedForEncodings = 0;
			knownRegions = (
				en,
				Base,
			);
			mainGroup = E5893ABD27F48EBF004FD782;
			productRefGroup = E5893AC727F48EBF004FD782 /* Products */;
			projectDirPath = "";
			projectRoot = "";
			targets = (
				E5893AC527F48EBF004FD782 /* Bankkkey */,
			);
		};
/* End PBXProject section */

/* Begin PBXResourcesBuildPhase section */
		E5893AC427F48EBF004FD782 /* Resources */ = {
			isa = PBXResourcesBuildPhase;
			buildActionMask = 2147483647;
			files = (
				E519A42128234FA0008ED56D /* AccountSummaryHeaderView.xib in Resources */,
				E5893AD927F48EC4004FD782 /* LaunchScreen.storyboard in Resources */,
				E5893AD627F48EC4004FD782 /* Assets.xcassets in Resources */,
			);
			runOnlyForDeploymentPostprocessing = 0;
		};
/* End PBXResourcesBuildPhase section */

/* Begin PBXSourcesBuildPhase section */
		E5893AC227F48EBF004FD782 /* Sources */ = {
			isa = PBXSourcesBuildPhase;
			buildActionMask = 2147483647;
			files = (
				E519A41F28234F11008ED56D /* AccountSummaryHeaderView.swift in Sources */,
				E5A49CD72824E83200AF98DA /* AccountSummaryCell.swift in Sources */,
				E5839BAF28050D7000806AEC /* DummyViewController.swift in Sources */,
				E5893ACE27F48EBF004FD782 /* LoginViewController.swift in Sources */,
				E56380272827B0CD005A5BBF /* CurrencyFormatter.swift in Sources */,
				E5BA60BC280E43D600B75829 /* UIViewController+Utils.swift in Sources */,
				E50F7E2627F6C0B600D06DED /* OnboardingViewController.swift in Sources */,
				E5893AD427F48EBF004FD782 /* Bankkkey.xcdatamodeld in Sources */,
				E56380252827AFFE005A5BBF /* DecimalUtils.swift in Sources */,
				E5893AE327F493BA004FD782 /* LoginView.swift in Sources */,
				E50F7E2427F6B83800D06DED /* OnboardingContainerViewController.swift in Sources */,
				E5893ACA27F48EBF004FD782 /* AppDelegate.swift in Sources */,
				E519A41D2822BD1A008ED56D /* AccountSummaryViewController.swift in Sources */,
				E522EFDE2806B50400477A9B /* LocalState.swift in Sources */,
				E5BA60BE280E47AA00B75829 /* MainViewController.swift in Sources */,
			);
			runOnlyForDeploymentPostprocessing = 0;
		};
/* End PBXSourcesBuildPhase section */

/* Begin PBXVariantGroup section */
		E5893AD727F48EC4004FD782 /* LaunchScreen.storyboard */ = {
			isa = PBXVariantGroup;
			children = (
				E5893AD827F48EC4004FD782 /* Base */,
			);
			name = LaunchScreen.storyboard;
			sourceTree = "<group>";
		};
/* End PBXVariantGroup section */

/* Begin XCBuildConfiguration section */
		E5893ADB27F48EC4004FD782 /* Debug */ = {
			isa = XCBuildConfiguration;
			buildSettings = {
				ALWAYS_SEARCH_USER_PATHS = NO;
				CLANG_ANALYZER_NONNULL = YES;
				CLANG_ANALYZER_NUMBER_OBJECT_CONVERSION = YES_AGGRESSIVE;
				CLANG_CXX_LANGUAGE_STANDARD = "gnu++17";
				CLANG_ENABLE_MODULES = YES;
				CLANG_ENABLE_OBJC_ARC = YES;
				CLANG_ENABLE_OBJC_WEAK = YES;
				CLANG_WARN_BLOCK_CAPTURE_AUTORELEASING = YES;
				CLANG_WARN_BOOL_CONVERSION = YES;
				CLANG_WARN_COMMA = YES;
				CLANG_WARN_CONSTANT_CONVERSION = YES;
				CLANG_WARN_DEPRECATED_OBJC_IMPLEMENTATIONS = YES;
				CLANG_WARN_DIRECT_OBJC_ISA_USAGE = YES_ERROR;
				CLANG_WARN_DOCUMENTATION_COMMENTS = YES;
				CLANG_WARN_EMPTY_BODY = YES;
				CLANG_WARN_ENUM_CONVERSION = YES;
				CLANG_WARN_INFINITE_RECURSION = YES;
				CLANG_WARN_INT_CONVERSION = YES;
				CLANG_WARN_NON_LITERAL_NULL_CONVERSION = YES;
				CLANG_WARN_OBJC_IMPLICIT_RETAIN_SELF = YES;
				CLANG_WARN_OBJC_LITERAL_CONVERSION = YES;
				CLANG_WARN_OBJC_ROOT_CLASS = YES_ERROR;
				CLANG_WARN_QUOTED_INCLUDE_IN_FRAMEWORK_HEADER = YES;
				CLANG_WARN_RANGE_LOOP_ANALYSIS = YES;
				CLANG_WARN_STRICT_PROTOTYPES = YES;
				CLANG_WARN_SUSPICIOUS_MOVE = YES;
				CLANG_WARN_UNGUARDED_AVAILABILITY = YES_AGGRESSIVE;
				CLANG_WARN_UNREACHABLE_CODE = YES;
				CLANG_WARN__DUPLICATE_METHOD_MATCH = YES;
				COPY_PHASE_STRIP = NO;
				DEBUG_INFORMATION_FORMAT = dwarf;
				ENABLE_STRICT_OBJC_MSGSEND = YES;
				ENABLE_TESTABILITY = YES;
				GCC_C_LANGUAGE_STANDARD = gnu11;
				GCC_DYNAMIC_NO_PIC = NO;
				GCC_NO_COMMON_BLOCKS = YES;
				GCC_OPTIMIZATION_LEVEL = 0;
				GCC_PREPROCESSOR_DEFINITIONS = (
					"DEBUG=1",
					"$(inherited)",
				);
				GCC_WARN_64_TO_32_BIT_CONVERSION = YES;
				GCC_WARN_ABOUT_RETURN_TYPE = YES_ERROR;
				GCC_WARN_UNDECLARED_SELECTOR = YES;
				GCC_WARN_UNINITIALIZED_AUTOS = YES_AGGRESSIVE;
				GCC_WARN_UNUSED_FUNCTION = YES;
				GCC_WARN_UNUSED_VARIABLE = YES;
				IPHONEOS_DEPLOYMENT_TARGET = 15.4;
				MTL_ENABLE_DEBUG_INFO = INCLUDE_SOURCE;
				MTL_FAST_MATH = YES;
				ONLY_ACTIVE_ARCH = YES;
				SDKROOT = iphoneos;
				SWIFT_ACTIVE_COMPILATION_CONDITIONS = DEBUG;
				SWIFT_OPTIMIZATION_LEVEL = "-Onone";
			};
			name = Debug;
		};
		E5893ADC27F48EC4004FD782 /* Release */ = {
			isa = XCBuildConfiguration;
			buildSettings = {
				ALWAYS_SEARCH_USER_PATHS = NO;
				CLANG_ANALYZER_NONNULL = YES;
				CLANG_ANALYZER_NUMBER_OBJECT_CONVERSION = YES_AGGRESSIVE;
				CLANG_CXX_LANGUAGE_STANDARD = "gnu++17";
				CLANG_ENABLE_MODULES = YES;
				CLANG_ENABLE_OBJC_ARC = YES;
				CLANG_ENABLE_OBJC_WEAK = YES;
				CLANG_WARN_BLOCK_CAPTURE_AUTORELEASING = YES;
				CLANG_WARN_BOOL_CONVERSION = YES;
				CLANG_WARN_COMMA = YES;
				CLANG_WARN_CONSTANT_CONVERSION = YES;
				CLANG_WARN_DEPRECATED_OBJC_IMPLEMENTATIONS = YES;
				CLANG_WARN_DIRECT_OBJC_ISA_USAGE = YES_ERROR;
				CLANG_WARN_DOCUMENTATION_COMMENTS = YES;
				CLANG_WARN_EMPTY_BODY = YES;
				CLANG_WARN_ENUM_CONVERSION = YES;
				CLANG_WARN_INFINITE_RECURSION = YES;
				CLANG_WARN_INT_CONVERSION = YES;
				CLANG_WARN_NON_LITERAL_NULL_CONVERSION = YES;
				CLANG_WARN_OBJC_IMPLICIT_RETAIN_SELF = YES;
				CLANG_WARN_OBJC_LITERAL_CONVERSION = YES;
				CLANG_WARN_OBJC_ROOT_CLASS = YES_ERROR;
				CLANG_WARN_QUOTED_INCLUDE_IN_FRAMEWORK_HEADER = YES;
				CLANG_WARN_RANGE_LOOP_ANALYSIS = YES;
				CLANG_WARN_STRICT_PROTOTYPES = YES;
				CLANG_WARN_SUSPICIOUS_MOVE = YES;
				CLANG_WARN_UNGUARDED_AVAILABILITY = YES_AGGRESSIVE;
				CLANG_WARN_UNREACHABLE_CODE = YES;
				CLANG_WARN__DUPLICATE_METHOD_MATCH = YES;
				COPY_PHASE_STRIP = NO;
				DEBUG_INFORMATION_FORMAT = "dwarf-with-dsym";
				ENABLE_NS_ASSERTIONS = NO;
				ENABLE_STRICT_OBJC_MSGSEND = YES;
				GCC_C_LANGUAGE_STANDARD = gnu11;
				GCC_NO_COMMON_BLOCKS = YES;
				GCC_WARN_64_TO_32_BIT_CONVERSION = YES;
				GCC_WARN_ABOUT_RETURN_TYPE = YES_ERROR;
				GCC_WARN_UNDECLARED_SELECTOR = YES;
				GCC_WARN_UNINITIALIZED_AUTOS = YES_AGGRESSIVE;
				GCC_WARN_UNUSED_FUNCTION = YES;
				GCC_WARN_UNUSED_VARIABLE = YES;
				IPHONEOS_DEPLOYMENT_TARGET = 15.4;
				MTL_ENABLE_DEBUG_INFO = NO;
				MTL_FAST_MATH = YES;
				SDKROOT = iphoneos;
				SWIFT_COMPILATION_MODE = wholemodule;
				SWIFT_OPTIMIZATION_LEVEL = "-O";
				VALIDATE_PRODUCT = YES;
			};
			name = Release;
		};
		E5893ADE27F48EC4004FD782 /* Debug */ = {
			isa = XCBuildConfiguration;
			buildSettings = {
				ASSETCATALOG_COMPILER_APPICON_NAME = AppIcon;
				ASSETCATALOG_COMPILER_GLOBAL_ACCENT_COLOR_NAME = AccentColor;
				CODE_SIGN_STYLE = Automatic;
				CURRENT_PROJECT_VERSION = 1;
				GENERATE_INFOPLIST_FILE = YES;
				INFOPLIST_FILE = Bankkkey/Info.plist;
				INFOPLIST_KEY_UIApplicationSupportsIndirectInputEvents = YES;
				INFOPLIST_KEY_UILaunchStoryboardName = LaunchScreen;
				INFOPLIST_KEY_UISupportedInterfaceOrientations_iPad = "UIInterfaceOrientationPortrait UIInterfaceOrientationPortraitUpsideDown UIInterfaceOrientationLandscapeLeft UIInterfaceOrientationLandscapeRight";
				INFOPLIST_KEY_UISupportedInterfaceOrientations_iPhone = "UIInterfaceOrientationPortrait UIInterfaceOrientationLandscapeLeft UIInterfaceOrientationLandscapeRight";
				LD_RUNPATH_SEARCH_PATHS = (
					"$(inherited)",
					"@executable_path/Frameworks",
				);
				MARKETING_VERSION = 1.0;
				PRODUCT_BUNDLE_IDENTIFIER = waakemeup.ren.Bankkkey;
				PRODUCT_NAME = "$(TARGET_NAME)";
				SWIFT_EMIT_LOC_STRINGS = YES;
				SWIFT_VERSION = 5.0;
				TARGETED_DEVICE_FAMILY = "1,2";
			};
			name = Debug;
		};
		E5893ADF27F48EC4004FD782 /* Release */ = {
			isa = XCBuildConfiguration;
			buildSettings = {
				ASSETCATALOG_COMPILER_APPICON_NAME = AppIcon;
				ASSETCATALOG_COMPILER_GLOBAL_ACCENT_COLOR_NAME = AccentColor;
				CODE_SIGN_STYLE = Automatic;
				CURRENT_PROJECT_VERSION = 1;
				GENERATE_INFOPLIST_FILE = YES;
				INFOPLIST_FILE = Bankkkey/Info.plist;
				INFOPLIST_KEY_UIApplicationSupportsIndirectInputEvents = YES;
				INFOPLIST_KEY_UILaunchStoryboardName = LaunchScreen;
				INFOPLIST_KEY_UISupportedInterfaceOrientations_iPad = "UIInterfaceOrientationPortrait UIInterfaceOrientationPortraitUpsideDown UIInterfaceOrientationLandscapeLeft UIInterfaceOrientationLandscapeRight";
				INFOPLIST_KEY_UISupportedInterfaceOrientations_iPhone = "UIInterfaceOrientationPortrait UIInterfaceOrientationLandscapeLeft UIInterfaceOrientationLandscapeRight";
				LD_RUNPATH_SEARCH_PATHS = (
					"$(inherited)",
					"@executable_path/Frameworks",
				);
				MARKETING_VERSION = 1.0;
				PRODUCT_BUNDLE_IDENTIFIER = waakemeup.ren.Bankkkey;
				PRODUCT_NAME = "$(TARGET_NAME)";
				SWIFT_EMIT_LOC_STRINGS = YES;
				SWIFT_VERSION = 5.0;
				TARGETED_DEVICE_FAMILY = "1,2";
			};
			name = Release;
		};
/* End XCBuildConfiguration section */

/* Begin XCConfigurationList section */
		E5893AC127F48EBF004FD782 /* Build configuration list for PBXProject "Bankkkey" */ = {
			isa = XCConfigurationList;
			buildConfigurations = (
				E5893ADB27F48EC4004FD782 /* Debug */,
				E5893ADC27F48EC4004FD782 /* Release */,
			);
			defaultConfigurationIsVisible = 0;
			defaultConfigurationName = Release;
		};
		E5893ADD27F48EC4004FD782 /* Build configuration list for PBXNativeTarget "Bankkkey" */ = {
			isa = XCConfigurationList;
			buildConfigurations = (
				E5893ADE27F48EC4004FD782 /* Debug */,
				E5893ADF27F48EC4004FD782 /* Release */,
			);
			defaultConfigurationIsVisible = 0;
			defaultConfigurationName = Release;
		};
/* End XCConfigurationList section */

/* Begin XCVersionGroup section */
		E5893AD227F48EBF004FD782 /* Bankkkey.xcdatamodeld */ = {
			isa = XCVersionGroup;
			children = (
				E5893AD327F48EBF004FD782 /* Bankkkey.xcdatamodel */,
			);
			currentVersion = E5893AD327F48EBF004FD782 /* Bankkkey.xcdatamodel */;
			path = Bankkkey.xcdatamodeld;
			sourceTree = "<group>";
			versionGroupType = wrapper.xcdatamodel;
		};
/* End XCVersionGroup section */
	};
	rootObject = E5893ABE27F48EBF004FD782 /* Project object */;
}
