// !$*UTF8*$!
{
	archiveVersion = 1;
	classes = {
	};
	objectVersion = 56;
	objects = {

/* Begin PBXBuildFile section */
		E555446429B2F5EC0081C500 /* AppDelegate.swift in Sources */ = {isa = PBXBuildFile; fileRef = E555446329B2F5EC0081C500 /* AppDelegate.swift */; };
		E555446629B2F5EC0081C500 /* SceneDelegate.swift in Sources */ = {isa = PBXBuildFile; fileRef = E555446529B2F5EC0081C500 /* SceneDelegate.swift */; };
		E555446B29B2F5EC0081C500 /* Main.storyboard in Resources */ = {isa = PBXBuildFile; fileRef = E555446929B2F5EC0081C500 /* Main.storyboard */; };
		E555446D29B2F5ED0081C500 /* Assets.xcassets in Resources */ = {isa = PBXBuildFile; fileRef = E555446C29B2F5ED0081C500 /* Assets.xcassets */; };
		E555447029B2F5ED0081C500 /* LaunchScreen.storyboard in Resources */ = {isa = PBXBuildFile; fileRef = E555446E29B2F5ED0081C500 /* LaunchScreen.storyboard */; };
		E555447829B2F6190081C500 /* AppCoordinator.swift in Sources */ = {isa = PBXBuildFile; fileRef = E555447729B2F6190081C500 /* AppCoordinator.swift */; };
		E555447A29B2F8B50081C500 /* EventListCoordinator.swift in Sources */ = {isa = PBXBuildFile; fileRef = E555447929B2F8B50081C500 /* EventListCoordinator.swift */; };
		E555447C29B2F9810081C500 /* EventListViewController.swift in Sources */ = {isa = PBXBuildFile; fileRef = E555447B29B2F9810081C500 /* EventListViewController.swift */; };
		E555447E29B301760081C500 /* UIColor+Extensions.swift in Sources */ = {isa = PBXBuildFile; fileRef = E555447D29B301760081C500 /* UIColor+Extensions.swift */; };
		E5F0EB1029B4A5930058155D /* EventsApp.xcdatamodeld in Sources */ = {isa = PBXBuildFile; fileRef = E5F0EB0E29B4A5930058155D /* EventsApp.xcdatamodeld */; };
		E5F0EB1229B4A6520058155D /* CoreDataManager.swift in Sources */ = {isa = PBXBuildFile; fileRef = E5F0EB1129B4A6520058155D /* CoreDataManager.swift */; };
/* End PBXBuildFile section */

/* Begin PBXFileReference section */
		E555446029B2F5EC0081C500 /* UIkit_MVVM.app */ = {isa = PBXFileReference; explicitFileType = wrapper.application; includeInIndex = 0; path = UIkit_MVVM.app; sourceTree = BUILT_PRODUCTS_DIR; };
		E555446329B2F5EC0081C500 /* AppDelegate.swift */ = {isa = PBXFileReference; lastKnownFileType = sourcecode.swift; path = AppDelegate.swift; sourceTree = "<group>"; };
		E555446529B2F5EC0081C500 /* SceneDelegate.swift */ = {isa = PBXFileReference; lastKnownFileType = sourcecode.swift; path = SceneDelegate.swift; sourceTree = "<group>"; };
		E555446A29B2F5EC0081C500 /* Base */ = {isa = PBXFileReference; lastKnownFileType = file.storyboard; name = Base; path = Base.lproj/Main.storyboard; sourceTree = "<group>"; };
		E555446C29B2F5ED0081C500 /* Assets.xcassets */ = {isa = PBXFileReference; lastKnownFileType = folder.assetcatalog; path = Assets.xcassets; sourceTree = "<group>"; };
		E555446F29B2F5ED0081C500 /* Base */ = {isa = PBXFileReference; lastKnownFileType = file.storyboard; name = Base; path = Base.lproj/LaunchScreen.storyboard; sourceTree = "<group>"; };
		E555447129B2F5ED0081C500 /* Info.plist */ = {isa = PBXFileReference; lastKnownFileType = text.plist.xml; path = Info.plist; sourceTree = "<group>"; };
		E555447729B2F6190081C500 /* AppCoordinator.swift */ = {isa = PBXFileReference; lastKnownFileType = sourcecode.swift; path = AppCoordinator.swift; sourceTree = "<group>"; };
		E555447929B2F8B50081C500 /* EventListCoordinator.swift */ = {isa = PBXFileReference; lastKnownFileType = sourcecode.swift; path = EventListCoordinator.swift; sourceTree = "<group>"; };
		E555447B29B2F9810081C500 /* EventListViewController.swift */ = {isa = PBXFileReference; lastKnownFileType = sourcecode.swift; path = EventListViewController.swift; sourceTree = "<group>"; };
		E555447D29B301760081C500 /* UIColor+Extensions.swift */ = {isa = PBXFileReference; lastKnownFileType = sourcecode.swift; path = "UIColor+Extensions.swift"; sourceTree = "<group>"; };
		E5F0EB0F29B4A5930058155D /* EventsApp.xcdatamodel */ = {isa = PBXFileReference; lastKnownFileType = wrapper.xcdatamodel; path = EventsApp.xcdatamodel; sourceTree = "<group>"; };
		E5F0EB1129B4A6520058155D /* CoreDataManager.swift */ = {isa = PBXFileReference; lastKnownFileType = sourcecode.swift; path = CoreDataManager.swift; sourceTree = "<group>"; };
/* End PBXFileReference section */

/* Begin PBXFrameworksBuildPhase section */
		E555445D29B2F5EC0081C500 /* Frameworks */ = {
			isa = PBXFrameworksBuildPhase;
			buildActionMask = 2147483647;
			files = (
			);
			runOnlyForDeploymentPostprocessing = 0;
		};
/* End PBXFrameworksBuildPhase section */

/* Begin PBXGroup section */
		E555445729B2F5EC0081C500 = {
			isa = PBXGroup;
			children = (
				E555446229B2F5EC0081C500 /* UIkit_MVVM */,
				E555446129B2F5EC0081C500 /* Products */,
			);
			sourceTree = "<group>";
		};
		E555446129B2F5EC0081C500 /* Products */ = {
			isa = PBXGroup;
			children = (
				E555446029B2F5EC0081C500 /* UIkit_MVVM.app */,
			);
			name = Products;
			sourceTree = "<group>";
		};
		E555446229B2F5EC0081C500 /* UIkit_MVVM */ = {
			isa = PBXGroup;
			children = (
				E5F0EB0D29B4A5150058155D /* Coordinators */,
				E5F0EB0C29B4A50B0058155D /* Controllers */,
				E5F0EB0B29B4A4EE0058155D /* Extensions */,
				E555446329B2F5EC0081C500 /* AppDelegate.swift */,
				E555446529B2F5EC0081C500 /* SceneDelegate.swift */,
				E555446929B2F5EC0081C500 /* Main.storyboard */,
				E555446C29B2F5ED0081C500 /* Assets.xcassets */,
				E555446E29B2F5ED0081C500 /* LaunchScreen.storyboard */,
				E555447129B2F5ED0081C500 /* Info.plist */,
				E5F0EB0E29B4A5930058155D /* EventsApp.xcdatamodeld */,
				E5F0EB1129B4A6520058155D /* CoreDataManager.swift */,
			);
			path = UIkit_MVVM;
			sourceTree = "<group>";
		};
		E5F0EB0B29B4A4EE0058155D /* Extensions */ = {
			isa = PBXGroup;
			children = (
				E555447D29B301760081C500 /* UIColor+Extensions.swift */,
			);
			path = Extensions;
			sourceTree = "<group>";
		};
		E5F0EB0C29B4A50B0058155D /* Controllers */ = {
			isa = PBXGroup;
			children = (
				E555447B29B2F9810081C500 /* EventListViewController.swift */,
			);
			path = Controllers;
			sourceTree = "<group>";
		};
		E5F0EB0D29B4A5150058155D /* Coordinators */ = {
			isa = PBXGroup;
			children = (
				E555447729B2F6190081C500 /* AppCoordinator.swift */,
				E555447929B2F8B50081C500 /* EventListCoordinator.swift */,
			);
			path = Coordinators;
			sourceTree = "<group>";
		};
/* End PBXGroup section */

/* Begin PBXNativeTarget section */
		E555445F29B2F5EC0081C500 /* UIkit_MVVM */ = {
			isa = PBXNativeTarget;
			buildConfigurationList = E555447429B2F5ED0081C500 /* Build configuration list for PBXNativeTarget "UIkit_MVVM" */;
			buildPhases = (
				E555445C29B2F5EC0081C500 /* Sources */,
				E555445D29B2F5EC0081C500 /* Frameworks */,
				E555445E29B2F5EC0081C500 /* Resources */,
			);
			buildRules = (
			);
			dependencies = (
			);
			name = UIkit_MVVM;
			productName = UIkit_MVVM;
			productReference = E555446029B2F5EC0081C500 /* UIkit_MVVM.app */;
			productType = "com.apple.product-type.application";
		};
/* End PBXNativeTarget section */

/* Begin PBXProject section */
		E555445829B2F5EC0081C500 /* Project object */ = {
			isa = PBXProject;
			attributes = {
				BuildIndependentTargetsInParallel = 1;
				LastSwiftUpdateCheck = 1420;
				LastUpgradeCheck = 1420;
				TargetAttributes = {
					E555445F29B2F5EC0081C500 = {
						CreatedOnToolsVersion = 14.2;
					};
				};
			};
			buildConfigurationList = E555445B29B2F5EC0081C500 /* Build configuration list for PBXProject "UIkit_MVVM" */;
			compatibilityVersion = "Xcode 14.0";
			developmentRegion = en;
			hasScannedForEncodings = 0;
			knownRegions = (
				en,
				Base,
			);
			mainGroup = E555445729B2F5EC0081C500;
			productRefGroup = E555446129B2F5EC0081C500 /* Products */;
			projectDirPath = "";
			projectRoot = "";
			targets = (
				E555445F29B2F5EC0081C500 /* UIkit_MVVM */,
			);
		};
/* End PBXProject section */

/* Begin PBXResourcesBuildPhase section */
		E555445E29B2F5EC0081C500 /* Resources */ = {
			isa = PBXResourcesBuildPhase;
			buildActionMask = 2147483647;
			files = (
				E555447029B2F5ED0081C500 /* LaunchScreen.storyboard in Resources */,
				E555446D29B2F5ED0081C500 /* Assets.xcassets in Resources */,
				E555446B29B2F5EC0081C500 /* Main.storyboard in Resources */,
			);
			runOnlyForDeploymentPostprocessing = 0;
		};
/* End PBXResourcesBuildPhase section */

/* Begin PBXSourcesBuildPhase section */
		E555445C29B2F5EC0081C500 /* Sources */ = {
			isa = PBXSourcesBuildPhase;
			buildActionMask = 2147483647;
			files = (
				E555447829B2F6190081C500 /* AppCoordinator.swift in Sources */,
				E555447C29B2F9810081C500 /* EventListViewController.swift in Sources */,
				E555446429B2F5EC0081C500 /* AppDelegate.swift in Sources */,
				E5F0EB1029B4A5930058155D /* EventsApp.xcdatamodeld in Sources */,
				E555447E29B301760081C500 /* UIColor+Extensions.swift in Sources */,
				E5F0EB1229B4A6520058155D /* CoreDataManager.swift in Sources */,
				E555446629B2F5EC0081C500 /* SceneDelegate.swift in Sources */,
				E555447A29B2F8B50081C500 /* EventListCoordinator.swift in Sources */,
			);
			runOnlyForDeploymentPostprocessing = 0;
		};
/* End PBXSourcesBuildPhase section */

/* Begin PBXVariantGroup section */
		E555446929B2F5EC0081C500 /* Main.storyboard */ = {
			isa = PBXVariantGroup;
			children = (
				E555446A29B2F5EC0081C500 /* Base */,
			);
			name = Main.storyboard;
			sourceTree = "<group>";
		};
		E555446E29B2F5ED0081C500 /* LaunchScreen.storyboard */ = {
			isa = PBXVariantGroup;
			children = (
				E555446F29B2F5ED0081C500 /* Base */,
			);
			name = LaunchScreen.storyboard;
			sourceTree = "<group>";
		};
/* End PBXVariantGroup section */

/* Begin XCBuildConfiguration section */
		E555447229B2F5ED0081C500 /* Debug */ = {
			isa = XCBuildConfiguration;
			buildSettings = {
				ALWAYS_SEARCH_USER_PATHS = NO;
				CLANG_ANALYZER_NONNULL = YES;
				CLANG_ANALYZER_NUMBER_OBJECT_CONVERSION = YES_AGGRESSIVE;
				CLANG_CXX_LANGUAGE_STANDARD = "gnu++20";
				CLANG_ENABLE_MODULES = YES;
				CLANG_ENABLE_OBJC_ARC = YES;
				CLANG_ENABLE_OBJC_WEAK = YES;
				CLANG_WARN_BLOCK_CAPTURE_AUTORELEASING = YES;
				CLANG_WARN_BOOL_CONVERSION = YES;
				CLANG_WARN_COMMA = YES;
				CLANG_WARN_CONSTANT_CONVERSION = YES;
				CLANG_WARN_DEPRECATED_OBJC_IMPLEMENTATIONS = YES;
				CLANG_WARN_DIRECT_OBJC_ISA_USAGE = YES_ERROR;
				CLANG_WARN_DOCUMENTATION_COMMENTS = YES;
				CLANG_WARN_EMPTY_BODY = YES;
				CLANG_WARN_ENUM_CONVERSION = YES;
				CLANG_WARN_INFINITE_RECURSION = YES;
				CLANG_WARN_INT_CONVERSION = YES;
				CLANG_WARN_NON_LITERAL_NULL_CONVERSION = YES;
				CLANG_WARN_OBJC_IMPLICIT_RETAIN_SELF = YES;
				CLANG_WARN_OBJC_LITERAL_CONVERSION = YES;
				CLANG_WARN_OBJC_ROOT_CLASS = YES_ERROR;
				CLANG_WARN_QUOTED_INCLUDE_IN_FRAMEWORK_HEADER = YES;
				CLANG_WARN_RANGE_LOOP_ANALYSIS = YES;
				CLANG_WARN_STRICT_PROTOTYPES = YES;
				CLANG_WARN_SUSPICIOUS_MOVE = YES;
				CLANG_WARN_UNGUARDED_AVAILABILITY = YES_AGGRESSIVE;
				CLANG_WARN_UNREACHABLE_CODE = YES;
				CLANG_WARN__DUPLICATE_METHOD_MATCH = YES;
				COPY_PHASE_STRIP = NO;
				DEBUG_INFORMATION_FORMAT = dwarf;
				ENABLE_STRICT_OBJC_MSGSEND = YES;
				ENABLE_TESTABILITY = YES;
				GCC_C_LANGUAGE_STANDARD = gnu11;
				GCC_DYNAMIC_NO_PIC = NO;
				GCC_NO_COMMON_BLOCKS = YES;
				GCC_OPTIMIZATION_LEVEL = 0;
				GCC_PREPROCESSOR_DEFINITIONS = (
					"DEBUG=1",
					"$(inherited)",
				);
				GCC_WARN_64_TO_32_BIT_CONVERSION = YES;
				GCC_WARN_ABOUT_RETURN_TYPE = YES_ERROR;
				GCC_WARN_UNDECLARED_SELECTOR = YES;
				GCC_WARN_UNINITIALIZED_AUTOS = YES_AGGRESSIVE;
				GCC_WARN_UNUSED_FUNCTION = YES;
				GCC_WARN_UNUSED_VARIABLE = YES;
				IPHONEOS_DEPLOYMENT_TARGET = 16.2;
				MTL_ENABLE_DEBUG_INFO = INCLUDE_SOURCE;
				MTL_FAST_MATH = YES;
				ONLY_ACTIVE_ARCH = YES;
				SDKROOT = iphoneos;
				SWIFT_ACTIVE_COMPILATION_CONDITIONS = DEBUG;
				SWIFT_OPTIMIZATION_LEVEL = "-Onone";
			};
			name = Debug;
		};
		E555447329B2F5ED0081C500 /* Release */ = {
			isa = XCBuildConfiguration;
			buildSettings = {
				ALWAYS_SEARCH_USER_PATHS = NO;
				CLANG_ANALYZER_NONNULL = YES;
				CLANG_ANALYZER_NUMBER_OBJECT_CONVERSION = YES_AGGRESSIVE;
				CLANG_CXX_LANGUAGE_STANDARD = "gnu++20";
				CLANG_ENABLE_MODULES = YES;
				CLANG_ENABLE_OBJC_ARC = YES;
				CLANG_ENABLE_OBJC_WEAK = YES;
				CLANG_WARN_BLOCK_CAPTURE_AUTORELEASING = YES;
				CLANG_WARN_BOOL_CONVERSION = YES;
				CLANG_WARN_COMMA = YES;
				CLANG_WARN_CONSTANT_CONVERSION = YES;
				CLANG_WARN_DEPRECATED_OBJC_IMPLEMENTATIONS = YES;
				CLANG_WARN_DIRECT_OBJC_ISA_USAGE = YES_ERROR;
				CLANG_WARN_DOCUMENTATION_COMMENTS = YES;
				CLANG_WARN_EMPTY_BODY = YES;
				CLANG_WARN_ENUM_CONVERSION = YES;
				CLANG_WARN_INFINITE_RECURSION = YES;
				CLANG_WARN_INT_CONVERSION = YES;
				CLANG_WARN_NON_LITERAL_NULL_CONVERSION = YES;
				CLANG_WARN_OBJC_IMPLICIT_RETAIN_SELF = YES;
				CLANG_WARN_OBJC_LITERAL_CONVERSION = YES;
				CLANG_WARN_OBJC_ROOT_CLASS = YES_ERROR;
				CLANG_WARN_QUOTED_INCLUDE_IN_FRAMEWORK_HEADER = YES;
				CLANG_WARN_RANGE_LOOP_ANALYSIS = YES;
				CLANG_WARN_STRICT_PROTOTYPES = YES;
				CLANG_WARN_SUSPICIOUS_MOVE = YES;
				CLANG_WARN_UNGUARDED_AVAILABILITY = YES_AGGRESSIVE;
				CLANG_WARN_UNREACHABLE_CODE = YES;
				CLANG_WARN__DUPLICATE_METHOD_MATCH = YES;
				COPY_PHASE_STRIP = NO;
				DEBUG_INFORMATION_FORMAT = "dwarf-with-dsym";
				ENABLE_NS_ASSERTIONS = NO;
				ENABLE_STRICT_OBJC_MSGSEND = YES;
				GCC_C_LANGUAGE_STANDARD = gnu11;
				GCC_NO_COMMON_BLOCKS = YES;
				GCC_WARN_64_TO_32_BIT_CONVERSION = YES;
				GCC_WARN_ABOUT_RETURN_TYPE = YES_ERROR;
				GCC_WARN_UNDECLARED_SELECTOR = YES;
				GCC_WARN_UNINITIALIZED_AUTOS = YES_AGGRESSIVE;
				GCC_WARN_UNUSED_FUNCTION = YES;
				GCC_WARN_UNUSED_VARIABLE = YES;
				IPHONEOS_DEPLOYMENT_TARGET = 16.2;
				MTL_ENABLE_DEBUG_INFO = NO;
				MTL_FAST_MATH = YES;
				SDKROOT = iphoneos;
				SWIFT_COMPILATION_MODE = wholemodule;
				SWIFT_OPTIMIZATION_LEVEL = "-O";
				VALIDATE_PRODUCT = YES;
			};
			name = Release;
		};
		E555447529B2F5ED0081C500 /* Debug */ = {
			isa = XCBuildConfiguration;
			buildSettings = {
				ASSETCATALOG_COMPILER_APPICON_NAME = AppIcon;
				ASSETCATALOG_COMPILER_GLOBAL_ACCENT_COLOR_NAME = AccentColor;
				CODE_SIGN_STYLE = Automatic;
				CURRENT_PROJECT_VERSION = 1;
				GENERATE_INFOPLIST_FILE = YES;
				INFOPLIST_FILE = UIkit_MVVM/Info.plist;
				INFOPLIST_KEY_UIApplicationSupportsIndirectInputEvents = YES;
				INFOPLIST_KEY_UILaunchStoryboardName = LaunchScreen;
				INFOPLIST_KEY_UIMainStoryboardFile = Main;
				INFOPLIST_KEY_UISupportedInterfaceOrientations_iPad = "UIInterfaceOrientationPortrait UIInterfaceOrientationPortraitUpsideDown UIInterfaceOrientationLandscapeLeft UIInterfaceOrientationLandscapeRight";
				INFOPLIST_KEY_UISupportedInterfaceOrientations_iPhone = "UIInterfaceOrientationPortrait UIInterfaceOrientationLandscapeLeft UIInterfaceOrientationLandscapeRight";
				LD_RUNPATH_SEARCH_PATHS = (
					"$(inherited)",
					"@executable_path/Frameworks",
				);
				MARKETING_VERSION = 1.0;
				PRODUCT_BUNDLE_IDENTIFIER = "ren.waakemeup.UIkit-MVVM";
				PRODUCT_NAME = "$(TARGET_NAME)";
				SWIFT_EMIT_LOC_STRINGS = YES;
				SWIFT_VERSION = 5.0;
				TARGETED_DEVICE_FAMILY = "1,2";
			};
			name = Debug;
		};
		E555447629B2F5ED0081C500 /* Release */ = {
			isa = XCBuildConfiguration;
			buildSettings = {
				ASSETCATALOG_COMPILER_APPICON_NAME = AppIcon;
				ASSETCATALOG_COMPILER_GLOBAL_ACCENT_COLOR_NAME = AccentColor;
				CODE_SIGN_STYLE = Automatic;
				CURRENT_PROJECT_VERSION = 1;
				GENERATE_INFOPLIST_FILE = YES;
				INFOPLIST_FILE = UIkit_MVVM/Info.plist;
				INFOPLIST_KEY_UIApplicationSupportsIndirectInputEvents = YES;
				INFOPLIST_KEY_UILaunchStoryboardName = LaunchScreen;
				INFOPLIST_KEY_UIMainStoryboardFile = Main;
				INFOPLIST_KEY_UISupportedInterfaceOrientations_iPad = "UIInterfaceOrientationPortrait UIInterfaceOrientationPortraitUpsideDown UIInterfaceOrientationLandscapeLeft UIInterfaceOrientationLandscapeRight";
				INFOPLIST_KEY_UISupportedInterfaceOrientations_iPhone = "UIInterfaceOrientationPortrait UIInterfaceOrientationLandscapeLeft UIInterfaceOrientationLandscapeRight";
				LD_RUNPATH_SEARCH_PATHS = (
					"$(inherited)",
					"@executable_path/Frameworks",
				);
				MARKETING_VERSION = 1.0;
				PRODUCT_BUNDLE_IDENTIFIER = "ren.waakemeup.UIkit-MVVM";
				PRODUCT_NAME = "$(TARGET_NAME)";
				SWIFT_EMIT_LOC_STRINGS = YES;
				SWIFT_VERSION = 5.0;
				TARGETED_DEVICE_FAMILY = "1,2";
			};
			name = Release;
		};
/* End XCBuildConfiguration section */

/* Begin XCConfigurationList section */
		E555445B29B2F5EC0081C500 /* Build configuration list for PBXProject "UIkit_MVVM" */ = {
			isa = XCConfigurationList;
			buildConfigurations = (
				E555447229B2F5ED0081C500 /* Debug */,
				E555447329B2F5ED0081C500 /* Release */,
			);
			defaultConfigurationIsVisible = 0;
			defaultConfigurationName = Release;
		};
		E555447429B2F5ED0081C500 /* Build configuration list for PBXNativeTarget "UIkit_MVVM" */ = {
			isa = XCConfigurationList;
			buildConfigurations = (
				E555447529B2F5ED0081C500 /* Debug */,
				E555447629B2F5ED0081C500 /* Release */,
			);
			defaultConfigurationIsVisible = 0;
			defaultConfigurationName = Release;
		};
/* End XCConfigurationList section */

/* Begin XCVersionGroup section */
		E5F0EB0E29B4A5930058155D /* EventsApp.xcdatamodeld */ = {
			isa = XCVersionGroup;
			children = (
				E5F0EB0F29B4A5930058155D /* EventsApp.xcdatamodel */,
			);
			currentVersion = E5F0EB0F29B4A5930058155D /* EventsApp.xcdatamodel */;
			path = EventsApp.xcdatamodeld;
			sourceTree = "<group>";
			versionGroupType = wrapper.xcdatamodel;
		};
/* End XCVersionGroup section */
	};
	rootObject = E555445829B2F5EC0081C500 /* Project object */;
}
